
Microsoft Visual Studio Solution File, Format Version 12.00
# Visual Studio Version 17
VisualStudioVersion = 17.5.33424.131
MinimumVisualStudioVersion = 10.0.40219.1
Project("{8BC9CEB8-8B4A-11D0-8D11-00A0C91BC942}") = "exerciseProsudure_002", "exerciseProsudure_002\exerciseProsudure_002.vcxproj", "{F622E902-A4AC-40CC-A0F3-06B9D0243A91}"
EndProject
Global
	GlobalSection(SolutionConfigurationPlatforms) = preSolution
		Debug|x64 = Debug|x64
		Debug|x86 = Debug|x86
		Release|x64 = Release|x64
		Release|x86 = Release|x86
	EndGlobalSection
	GlobalSection(ProjectConfigurationPlatforms) = postSolution
		{F622E902-A4AC-40CC-A0F3-06B9D0243A91}.Debug|x64.ActiveCfg = Debug|x64
		{F622E902-A4AC-40CC-A0F3-06B9D0243A91}.Debug|x64.Build.0 = Debug|x64
		{F622E902-A4AC-40CC-A0F3-06B9D0243A91}.Debug|x86.ActiveCfg = Debug|Win32
		{F622E902-A4AC-40CC-A0F3-06B9D0243A91}.Debug|x86.Build.0 = Debug|Win32
		{F622E902-A4AC-40CC-A0F3-06B9D0243A91}.Release|x64.ActiveCfg = Release|x64
		{F622E902-A4AC-40CC-A0F3-06B9D0243A91}.Release|x64.Build.0 = Release|x64
		{F622E902-A4AC-40CC-A0F3-06B9D0243A91}.Release|x86.ActiveCfg = Release|Win32
		{F622E902-A4AC-40CC-A0F3-06B9D0243A91}.Release|x86.Build.0 = Release|Win32
	EndGlobalSection
	GlobalSection(SolutionProperties) = preSolution
		HideSolutionNode = FALSE
	EndGlobalSection
	GlobalSection(ExtensibilityGlobals) = postSolution
		SolutionGuid = {6350D9F2-CC8D-4723-8464-B0364D66A74E}
	EndGlobalSection
EndGlobal
